<?xml version="1.0" encoding="utf-8"?>
<Project ToolsVersion="4.0" xmlns="http://schemas.microsoft.com/developer/msbuild/2003">
  <ItemGroup>
    <Filter Include="源文件">
      <UniqueIdentifier>{4FC737F1-C7A5-4376-A066-2A32D752A2FF}</UniqueIdentifier>
      <Extensions>cpp;c;cc;cxx;c++;cppm;ixx;def;odl;idl;hpj;bat;asm;asmx</Extensions>
    </Filter>
    <Filter Include="头文件">
      <UniqueIdentifier>{93995380-89BD-4b04-88EB-625FBE52EBFB}</UniqueIdentifier>
      <Extensions>h;hh;hpp;hxx;h++;hm;inl;inc;ipp;xsd</Extensions>
    </Filter>
    <Filter Include="资源文件">
      <UniqueIdentifier>{67DA6AB6-F800-4c08-8B7A-83BB121AAD01}</UniqueIdentifier>
      <Extensions>rc;ico;cur;bmp;dlg;rc2;rct;bin;rgs;gif;jpg;jpeg;jpe;resx;tiff;tif;png;wav;mfcribbon-ms</Extensions>
    </Filter>
    <Filter Include="资源文件\core">
      <UniqueIdentifier>{9afb9b32-5f7b-47a0-9087-0d7d5c37c82e}</UniqueIdentifier>
    </Filter>
    <Filter Include="资源文件\core\CUDA">
      <UniqueIdentifier>{9a6689f7-6cd1-436c-b939-8643de3b0d18}</UniqueIdentifier>
    </Filter>
    <Filter Include="资源文件\core\RayTracing">
      <UniqueIdentifier>{77d33d71-a697-49dd-905d-d35d62c6d758}</UniqueIdentifier>
    </Filter>
    <Filter Include="资源文件\core\RayTracing\PathTracing">
      <UniqueIdentifier>{6eaa7482-8467-41b7-af85-e2684e13e45d}</UniqueIdentifier>
    </Filter>
    <Filter Include="资源文件\core\SceneDivision">
      <UniqueIdentifier>{237a401b-6c9a-4dbe-8d0e-384c2e535b05}</UniqueIdentifier>
    </Filter>
    <Filter Include="资源文件\core\SceneDivision\SVO">
      <UniqueIdentifier>{0fd8f4a1-2cb5-48d9-8789-58781c127022}</UniqueIdentifier>
    </Filter>
    <Filter Include="资源文件\core\SceneDivision\SVO\CUDA">
      <UniqueIdentifier>{33f49e9b-6362-4349-98a0-2961cddf2eb8}</UniqueIdentifier>
    </Filter>
    <Filter Include="资源文件\core\SceneDivision\SVO\shaders">
      <UniqueIdentifier>{cad83eea-f52a-4596-9303-88763a5e9e79}</UniqueIdentifier>
    </Filter>
    <Filter Include="资源文件\core\SceneDivision\SVO\shaders\present">
      <UniqueIdentifier>{af32a1f7-617c-4576-892f-b86652e47380}</UniqueIdentifier>
    </Filter>
    <Filter Include="资源文件\core\SceneDivision\SVO\shaders\present_SVO">
      <UniqueIdentifier>{1b35f283-ce07-4de4-92dd-6303cd90e811}</UniqueIdentifier>
    </Filter>
    <Filter Include="资源文件\core\SceneDivision\SVO\shaders\present_VGM">
      <UniqueIdentifier>{4da44f90-fe1a-4cf9-8a1c-ce6a5040577d}</UniqueIdentifier>
    </Filter>
    <Filter Include="资源文件\core\SceneDivision\SVO\shaders\unuseSwizzle">
      <UniqueIdentifier>{80ae804b-0df0-4d09-b3f7-f912ad830dfc}</UniqueIdentifier>
    </Filter>
    <Filter Include="资源文件\core\SceneDivision\SVO\shaders\useSwizzle">
      <UniqueIdentifier>{31d08a0e-ae39-4abd-8341-ea387f4b3560}</UniqueIdentifier>
    </Filter>
    <Filter Include="资源文件\core\SceneDivision\BVH">
      <UniqueIdentifier>{c9ec0da5-a06a-49c0-a4e4-e29f067ceb8d}</UniqueIdentifier>
    </Filter>
    <Filter Include="资源文件\core\SceneDivision\BVH\shaders">
      <UniqueIdentifier>{18a6396d-a9a8-48e0-acee-6ec94fac8fa9}</UniqueIdentifier>
    </Filter>
    <Filter Include="资源文件\core\common">
      <UniqueIdentifier>{89563cab-b963-4ff8-90bf-7550d25f7354}</UniqueIdentifier>
    </Filter>
    <Filter Include="资源文件\shaders">
      <UniqueIdentifier>{4188a3f0-e7ec-43cc-a464-511e5a364501}</UniqueIdentifier>
    </Filter>
    <Filter Include="资源文件\core\O-CNN">
      <UniqueIdentifier>{4ef86fb0-0e31-4637-ba64-01f43d6c2544}</UniqueIdentifier>
    </Filter>
    <Filter Include="资源文件\shaders\common">
      <UniqueIdentifier>{99bccb51-6cfa-4eb5-bc9c-d9f9325e93e6}</UniqueIdentifier>
    </Filter>
    <Filter Include="资源文件\core\SceneDivision\BVH\CUDA">
      <UniqueIdentifier>{ea1a8e5f-88b2-4d48-925f-94ba55021b65}</UniqueIdentifier>
    </Filter>
    <Filter Include="资源文件\core\SceneDivision\BVH\shaders\present">
      <UniqueIdentifier>{fd9f2aae-5120-4222-80ab-5b0568f954d4}</UniqueIdentifier>
    </Filter>
    <Filter Include="资源文件\renderer">
      <UniqueIdentifier>{5d46bb51-bfb3-498b-8676-d642d75d3fc1}</UniqueIdentifier>
    </Filter>
    <Filter Include="资源文件\core\common\FzbComponent">
      <UniqueIdentifier>{e88ed9b2-1084-4b0a-826f-0fd932b0e2f4}</UniqueIdentifier>
    </Filter>
    <Filter Include="资源文件\core\common\FzbScene">
      <UniqueIdentifier>{64bd4e1c-d396-4d4f-9d94-c77a1021df98}</UniqueIdentifier>
    </Filter>
    <Filter Include="资源文件\core\common\FzbImage">
      <UniqueIdentifier>{61dc01bc-8abf-4293-b542-4d8880900ee5}</UniqueIdentifier>
    </Filter>
    <Filter Include="资源文件\core\common\FzbBuffer">
      <UniqueIdentifier>{7b4debc3-fbd4-497d-b2c4-adec0108641f}</UniqueIdentifier>
    </Filter>
    <Filter Include="资源文件\core\common\FzbCamera">
      <UniqueIdentifier>{6f061edf-422a-42ec-8e3a-51e649196337}</UniqueIdentifier>
    </Filter>
    <Filter Include="资源文件\core\common\FzbDescriptor">
      <UniqueIdentifier>{29be3ba8-5d0d-4e16-a2c3-6cae0c3d0df0}</UniqueIdentifier>
    </Filter>
    <Filter Include="资源文件\core\common\FzbMaterial">
      <UniqueIdentifier>{f050b64d-268c-4ad6-beb5-98fd96647b47}</UniqueIdentifier>
    </Filter>
    <Filter Include="资源文件\core\common\FzbMesh">
      <UniqueIdentifier>{d3d0650b-991b-4ae6-a29d-5dbdf80ce6c4}</UniqueIdentifier>
    </Filter>
    <Filter Include="资源文件\core\common\FzbPipeline">
      <UniqueIdentifier>{753abe31-c6b4-4ff5-9ccb-f2a2d67318a5}</UniqueIdentifier>
    </Filter>
    <Filter Include="资源文件\core\common\FzbRenderPass">
      <UniqueIdentifier>{d4a29903-e302-4d05-b46b-524f3fff940e}</UniqueIdentifier>
    </Filter>
    <Filter Include="资源文件\core\common\FzbShader">
      <UniqueIdentifier>{134dce4c-d360-4674-a33f-d3edc0a8ea1e}</UniqueIdentifier>
    </Filter>
    <Filter Include="资源文件\scenes">
      <UniqueIdentifier>{7f3f49f2-f2cf-4672-bda4-7119408d284d}</UniqueIdentifier>
    </Filter>
    <Filter Include="资源文件\scenes\veach-ajar">
      <UniqueIdentifier>{6cbb1b0f-f67f-42ee-a06b-c89d7a2b367b}</UniqueIdentifier>
    </Filter>
    <Filter Include="资源文件\scenes\bearBox">
      <UniqueIdentifier>{33524c1e-c69a-4441-97e6-0fa2fe002a1d}</UniqueIdentifier>
    </Filter>
    <Filter Include="资源文件\core\common\FzbScene\CUDA">
      <UniqueIdentifier>{830ff52d-4e22-4e6a-9b64-395b3c4a02d0}</UniqueIdentifier>
    </Filter>
    <Filter Include="资源文件\core\common\FzbMesh\CUDA">
      <UniqueIdentifier>{1c442ea2-92be-41ba-8a66-151dcc68e94a}</UniqueIdentifier>
    </Filter>
    <Filter Include="资源文件\core\RayTracing\PathTracing\hard">
      <UniqueIdentifier>{58d0f0e1-949d-46c5-82ba-db2c8d4c6170}</UniqueIdentifier>
    </Filter>
    <Filter Include="资源文件\core\RayTracing\PathTracing\soft">
      <UniqueIdentifier>{f58eb839-8c92-4ba7-927a-80d7094f5339}</UniqueIdentifier>
    </Filter>
    <Filter Include="资源文件\core\RayTracing\PathTracing\soft\CUDA">
      <UniqueIdentifier>{ea456dda-108e-40dc-8749-d7c856c4ef6b}</UniqueIdentifier>
    </Filter>
    <Filter Include="资源文件\core\Materials">
      <UniqueIdentifier>{fefd0b5b-542c-4029-9de8-7d72f8eca69b}</UniqueIdentifier>
    </Filter>
    <Filter Include="资源文件\core\Materials\Diffuse">
      <UniqueIdentifier>{5c47399d-5094-413d-a669-80ebfc683b42}</UniqueIdentifier>
    </Filter>
    <Filter Include="资源文件\core\Materials\Diffuse\shaders">
      <UniqueIdentifier>{816f0dec-9e82-4fa1-a6b8-671ba7acc05f}</UniqueIdentifier>
    </Filter>
    <Filter Include="资源文件\core\Materials\Diffuse\shaders\forwardRender">
      <UniqueIdentifier>{ff48f28e-8b24-4da9-a414-eacf7559e368}</UniqueIdentifier>
    </Filter>
    <Filter Include="资源文件\core\ForwardRender">
      <UniqueIdentifier>{51f446d7-f259-4d6b-9dd1-08ba3018454d}</UniqueIdentifier>
    </Filter>
    <Filter Include="资源文件\core\common\FzbRasterizationRender">
      <UniqueIdentifier>{4c105cbd-7985-45c1-98ef-130f27b4fadb}</UniqueIdentifier>
    </Filter>
    <Filter Include="资源文件\core\RayTracing\CUDA">
      <UniqueIdentifier>{a3f3c9ac-68af-46f7-85a1-4ffd86cb7577}</UniqueIdentifier>
    </Filter>
    <Filter Include="资源文件\core\RayTracing\PathTracing\soft\shaders">
      <UniqueIdentifier>{1366296c-13a1-4945-bf66-d86faad9c638}</UniqueIdentifier>
    </Filter>
  </ItemGroup>
  <ItemGroup>
    <ClInclude Include="core\SceneDivision\SVO\FzbSVO.h">
      <Filter>资源文件\core\SceneDivision\SVO</Filter>
    </ClInclude>
    <ClInclude Include="core\SceneDivision\SVO\CUDA\createSVO.cuh">
      <Filter>资源文件\core\SceneDivision\SVO\CUDA</Filter>
    </ClInclude>
    <ClInclude Include="core\common\FzbCommon.h">
      <Filter>资源文件\core\common</Filter>
    </ClInclude>
    <ClInclude Include="core\O-CNN\FzbOCNN.h">
      <Filter>资源文件\core\O-CNN</Filter>
    </ClInclude>
    <ClInclude Include="core\CUDA\commonCudaFunction.cuh">
      <Filter>资源文件\core\CUDA</Filter>
    </ClInclude>
    <ClInclude Include="core\CUDA\vulkanCudaInterop.cuh">
      <Filter>资源文件\core\CUDA</Filter>
    </ClInclude>
    <ClInclude Include="core\SceneDivision\BVH\CUDA\createBVH.cuh">
      <Filter>资源文件\core\SceneDivision\BVH\CUDA</Filter>
    </ClInclude>
    <ClInclude Include="core\common\FzbRenderer.h">
      <Filter>资源文件\core\common</Filter>
    </ClInclude>
    <ClInclude Include="core\common\FzbComponent\FzbComponent.h">
      <Filter>资源文件\core\common\FzbComponent</Filter>
    </ClInclude>
    <ClInclude Include="core\common\FzbComponent\FzbMainComponent.h">
      <Filter>资源文件\core\common\FzbComponent</Filter>
    </ClInclude>
    <ClInclude Include="core\common\FzbComponent\FzbFeatureComponent.h">
      <Filter>资源文件\core\common\FzbComponent</Filter>
    </ClInclude>
    <ClInclude Include="core\common\FzbScene\FzbScene.h">
      <Filter>资源文件\core\common\FzbScene</Filter>
    </ClInclude>
    <ClInclude Include="core\common\FzbImage\FzbImage.h">
      <Filter>资源文件\core\common\FzbImage</Filter>
    </ClInclude>
    <ClInclude Include="core\common\FzbBuffer\FzbBuffer.h">
      <Filter>资源文件\core\common\FzbBuffer</Filter>
    </ClInclude>
    <ClInclude Include="core\common\FzbCamera\FzbCamera.h">
      <Filter>资源文件\core\common\FzbCamera</Filter>
    </ClInclude>
    <ClInclude Include="core\common\FzbDescriptor\FzbDescriptor.h">
      <Filter>资源文件\core\common\FzbDescriptor</Filter>
    </ClInclude>
    <ClInclude Include="core\common\FzbMaterial\FzbMaterial.h">
      <Filter>资源文件\core\common\FzbMaterial</Filter>
    </ClInclude>
    <ClInclude Include="core\common\FzbMesh\FzbMesh.h">
      <Filter>资源文件\core\common\FzbMesh</Filter>
    </ClInclude>
    <ClInclude Include="core\common\FzbPipeline\FzbPipeline.h">
      <Filter>资源文件\core\common\FzbPipeline</Filter>
    </ClInclude>
    <ClInclude Include="core\common\FzbRenderPass\FzbRenderPass.h">
      <Filter>资源文件\core\common\FzbRenderPass</Filter>
    </ClInclude>
    <ClInclude Include="core\common\FzbShader\FzbShader.h">
      <Filter>资源文件\core\common\FzbShader</Filter>
    </ClInclude>
    <ClInclude Include="core\common\FzbComponent\FzbFeatureComponentManager.h">
      <Filter>资源文件\core\common\FzbComponent</Filter>
    </ClInclude>
    <ClInclude Include="core\SceneDivision\BVH\FzbBVH.h">
      <Filter>资源文件\core\SceneDivision\BVH</Filter>
    </ClInclude>
    <ClInclude Include="core\common\FzbScene\compressVertices.h">
      <Filter>资源文件\core\common\FzbScene</Filter>
    </ClInclude>
    <ClInclude Include="core\common\FzbScene\CUDA\FzbSceneCUDA.cuh">
      <Filter>资源文件\core\common\FzbScene\CUDA</Filter>
    </ClInclude>
    <ClInclude Include="core\common\FzbMesh\CUDA\FzbMeshCUDA.cuh">
      <Filter>资源文件\core\common\FzbMesh\CUDA</Filter>
    </ClInclude>
    <ClInclude Include="core\RayTracing\PathTracing\soft\FzbPathTracing_soft.h">
      <Filter>资源文件\core\RayTracing\PathTracing\soft</Filter>
    </ClInclude>
    <ClInclude Include="core\RayTracing\PathTracing\soft\CUDA\PathTracing_CUDA.cuh">
      <Filter>资源文件\core\RayTracing\PathTracing\soft\CUDA</Filter>
    </ClInclude>
    <ClInclude Include="core\RayTracing\PathTracing\soft\FzbPathTracingMaterial.h">
      <Filter>资源文件\core\RayTracing\PathTracing\soft</Filter>
    </ClInclude>
    <ClInclude Include="core\Materials\Diffuse\FzbDiffuseMaterial.h">
      <Filter>资源文件\core\Materials\Diffuse</Filter>
    </ClInclude>
    <ClInclude Include="core\ForwardRender\FzbForwardRender.h">
      <Filter>资源文件\core\ForwardRender</Filter>
    </ClInclude>
    <ClInclude Include="core\common\FzbRasterizationRender\FzbRasterizationSourceManager.h">
      <Filter>资源文件\core\common\FzbRasterizationRender</Filter>
    </ClInclude>
    <ClInclude Include="core\common\FzbMesh\FzbCreateSimpleMesh.h">
      <Filter>资源文件\core\common\FzbMesh</Filter>
    </ClInclude>
    <ClInclude Include="core\RayTracing\CUDA\FzbCollisionDetection.cuh">
      <Filter>资源文件\core\RayTracing\CUDA</Filter>
    </ClInclude>
    <ClInclude Include="core\CUDA\commonStruct.cuh">
      <Filter>资源文件\core\CUDA</Filter>
    </ClInclude>
    <ClInclude Include="core\RayTracing\CUDA\FzbGetTriangleAttribute.cuh">
      <Filter>资源文件\core\RayTracing\CUDA</Filter>
    </ClInclude>
    <ClInclude Include="core\RayTracing\CUDA\FzbRayGenerate.cuh">
      <Filter>资源文件\core\RayTracing\CUDA</Filter>
    </ClInclude>
    <ClInclude Include="core\RayTracing\CUDA\FzbGetIllumination.cuh">
      <Filter>资源文件\core\RayTracing\CUDA</Filter>
    </ClInclude>
  </ItemGroup>
  <ItemGroup>
    <CudaCompile Include="core\SceneDivision\SVO\CUDA\createSVO.cu">
      <Filter>资源文件\core\SceneDivision\SVO\CUDA</Filter>
    </CudaCompile>
    <CudaCompile Include="core\CUDA\commonCudaFunction.cu">
      <Filter>资源文件\core\CUDA</Filter>
    </CudaCompile>
    <CudaCompile Include="core\CUDA\vulkanCudaInterop.cu">
      <Filter>资源文件\core\CUDA</Filter>
    </CudaCompile>
    <CudaCompile Include="core\SceneDivision\BVH\CUDA\createBVH_common.cu">
      <Filter>资源文件\core\SceneDivision\BVH\CUDA</Filter>
    </CudaCompile>
    <CudaCompile Include="core\SceneDivision\BVH\CUDA\createBVH_noRecursion.cu">
      <Filter>资源文件\core\SceneDivision\BVH\CUDA</Filter>
    </CudaCompile>
    <CudaCompile Include="core\SceneDivision\BVH\CUDA\createBVH_recursion.cu">
      <Filter>资源文件\core\SceneDivision\BVH\CUDA</Filter>
    </CudaCompile>
    <CudaCompile Include="core\common\FzbScene\CUDA\FzbSceneCUDA.cu">
      <Filter>资源文件\core\common\FzbScene\CUDA</Filter>
    </CudaCompile>
    <CudaCompile Include="core\common\FzbMesh\CUDA\FzbMeshCUDA.cu">
      <Filter>资源文件\core\common\FzbMesh\CUDA</Filter>
    </CudaCompile>
    <CudaCompile Include="core\RayTracing\PathTracing\soft\CUDA\PathTracing_CUDA.cu">
      <Filter>资源文件\core\RayTracing\PathTracing\soft\CUDA</Filter>
    </CudaCompile>
    <CudaCompile Include="core\RayTracing\CUDA\FzbCollisionDetection.cu">
      <Filter>资源文件\core\RayTracing\CUDA</Filter>
    </CudaCompile>
    <CudaCompile Include="core\RayTracing\CUDA\FzbGetTriangleAttribute.cu">
      <Filter>资源文件\core\RayTracing\CUDA</Filter>
    </CudaCompile>
    <CudaCompile Include="core\RayTracing\CUDA\FzbRayGenerate.cu">
      <Filter>资源文件\core\RayTracing\CUDA</Filter>
    </CudaCompile>
    <CudaCompile Include="core\RayTracing\CUDA\FzbGetIllumination.cu">
      <Filter>资源文件\core\RayTracing\CUDA</Filter>
    </CudaCompile>
  </ItemGroup>
  <ItemGroup>
    <ClCompile Include="main.cpp">
      <Filter>资源文件</Filter>
    </ClCompile>
    <ClCompile Include="core\common\FzbCommon.cpp">
      <Filter>资源文件\core\common</Filter>
    </ClCompile>
    <ClCompile Include="core\SceneDivision\BVH\FzbBVH.cpp">
      <Filter>资源文件\core\SceneDivision\BVH</Filter>
    </ClCompile>
    <ClCompile Include="core\common\FzbRenderer.cpp">
      <Filter>资源文件\core\common</Filter>
    </ClCompile>
    <ClCompile Include="core\common\FzbComponent\FzbComponent.cpp">
      <Filter>资源文件\core\common\FzbComponent</Filter>
    </ClCompile>
    <ClCompile Include="core\common\FzbComponent\FzbMainComponent.cpp">
      <Filter>资源文件\core\common\FzbComponent</Filter>
    </ClCompile>
    <ClCompile Include="core\common\FzbComponent\FzbFeatureComponent.cpp">
      <Filter>资源文件\core\common\FzbComponent</Filter>
    </ClCompile>
    <ClCompile Include="core\common\FzbScene\FzbScene.cpp">
      <Filter>资源文件\core\common\FzbScene</Filter>
    </ClCompile>
    <ClCompile Include="core\common\FzbImage\FzbImage.cpp">
      <Filter>资源文件\core\common\FzbImage</Filter>
    </ClCompile>
    <ClCompile Include="core\common\FzbBuffer\FzbBuffer.cpp">
      <Filter>资源文件\core\common\FzbBuffer</Filter>
    </ClCompile>
    <ClCompile Include="core\common\FzbCamera\FzbCamera.cpp">
      <Filter>资源文件\core\common\FzbCamera</Filter>
    </ClCompile>
    <ClCompile Include="core\common\FzbDescriptor\FzbDescriptor.cpp">
      <Filter>资源文件\core\common\FzbDescriptor</Filter>
    </ClCompile>
    <ClCompile Include="core\common\FzbMaterial\FzbMaterial.cpp">
      <Filter>资源文件\core\common\FzbMaterial</Filter>
    </ClCompile>
    <ClCompile Include="core\common\FzbMesh\FzbMesh.cpp">
      <Filter>资源文件\core\common\FzbMesh</Filter>
    </ClCompile>
    <ClCompile Include="core\common\FzbPipeline\FzbPipeline.cpp">
      <Filter>资源文件\core\common\FzbPipeline</Filter>
    </ClCompile>
    <ClCompile Include="core\common\FzbRenderPass\FzbRenderPass.cpp">
      <Filter>资源文件\core\common\FzbRenderPass</Filter>
    </ClCompile>
    <ClCompile Include="core\common\FzbShader\FzbShader.cpp">
      <Filter>资源文件\core\common\FzbShader</Filter>
    </ClCompile>
    <ClCompile Include="core\common\FzbComponent\FzbFeatureComponentManager.cpp">
      <Filter>资源文件\core\common\FzbComponent</Filter>
    </ClCompile>
    <ClCompile Include="core\common\FzbScene\compressVertices.cpp">
      <Filter>资源文件\core\common\FzbScene</Filter>
    </ClCompile>
    <ClCompile Include="core\SceneDivision\SVO\FzbSVO.cpp">
      <Filter>资源文件\core\SceneDivision\SVO</Filter>
    </ClCompile>
    <ClCompile Include="core\ForwardRender\FzbForwardRender.cpp">
      <Filter>资源文件\core\ForwardRender</Filter>
    </ClCompile>
    <ClCompile Include="core\common\FzbRasterizationRender\FzbRasterizationSourceManager.cpp">
      <Filter>资源文件\core\common\FzbRasterizationRender</Filter>
    </ClCompile>
  </ItemGroup>
  <ItemGroup>
    <None Include="core\SceneDivision\SVO\shaders\present\presentFrag.glsl">
      <Filter>资源文件\core\SceneDivision\SVO\shaders\present</Filter>
    </None>
    <None Include="core\SceneDivision\SVO\shaders\present\presentVert.glsl">
      <Filter>资源文件\core\SceneDivision\SVO\shaders\present</Filter>
    </None>
    <None Include="core\SceneDivision\SVO\shaders\present_SVO\wireFrameFrag.glsl">
      <Filter>资源文件\core\SceneDivision\SVO\shaders\present_SVO</Filter>
    </None>
    <None Include="core\SceneDivision\SVO\shaders\present_SVO\wireFrameVert.glsl">
      <Filter>资源文件\core\SceneDivision\SVO\shaders\present_SVO</Filter>
    </None>
    <None Include="core\SceneDivision\SVO\shaders\present_VGM\presentFrag_Block.glsl">
      <Filter>资源文件\core\SceneDivision\SVO\shaders\present_VGM</Filter>
    </None>
    <None Include="core\SceneDivision\SVO\shaders\present_VGM\presentVert_Block.glsl">
      <Filter>资源文件\core\SceneDivision\SVO\shaders\present_VGM</Filter>
    </None>
    <None Include="core\SceneDivision\SVO\shaders\unuseSwizzle\voxelFrag.glsl">
      <Filter>资源文件\core\SceneDivision\SVO\shaders\unuseSwizzle</Filter>
    </None>
    <None Include="core\SceneDivision\SVO\shaders\unuseSwizzle\voxelGemo.glsl">
      <Filter>资源文件\core\SceneDivision\SVO\shaders\unuseSwizzle</Filter>
    </None>
    <None Include="core\SceneDivision\SVO\shaders\unuseSwizzle\voxelVert.glsl">
      <Filter>资源文件\core\SceneDivision\SVO\shaders\unuseSwizzle</Filter>
    </None>
    <None Include="core\SceneDivision\SVO\shaders\useSwizzle\voxelFrag.glsl">
      <Filter>资源文件\core\SceneDivision\SVO\shaders\useSwizzle</Filter>
    </None>
    <None Include="core\SceneDivision\SVO\shaders\useSwizzle\voxelVert.glsl">
      <Filter>资源文件\core\SceneDivision\SVO\shaders\useSwizzle</Filter>
    </None>
    <None Include="shaders\common\getAttribute.glsl">
      <Filter>资源文件\shaders\common</Filter>
    </None>
    <None Include="shaders\common\getIllumination.glsl">
      <Filter>资源文件\shaders\common</Filter>
    </None>
    <None Include="core\SceneDivision\SVO\shaders\present_SVO\wireFrameGemo.glsl">
      <Filter>资源文件\core\SceneDivision\SVO\shaders\present_SVO</Filter>
    </None>
    <None Include="core\SceneDivision\BVH\shaders\present\vertex.glsl">
      <Filter>资源文件\core\SceneDivision\BVH\shaders\present</Filter>
    </None>
    <None Include="core\SceneDivision\BVH\shaders\present\fragment.glsl">
      <Filter>资源文件\core\SceneDivision\BVH\shaders\present</Filter>
    </None>
    <None Include="core\SceneDivision\BVH\shaders\present\geometry.glsl">
      <Filter>资源文件\core\SceneDivision\BVH\shaders\present</Filter>
    </None>
    <None Include="core\Materials\Diffuse\shaders\forwardRender\fragment.glsl">
      <Filter>资源文件\core\Materials\Diffuse\shaders\forwardRender</Filter>
    </None>
    <None Include="core\Materials\Diffuse\shaders\forwardRender\vertex.glsl">
      <Filter>资源文件\core\Materials\Diffuse\shaders\forwardRender</Filter>
    </None>
    <None Include="core\RayTracing\PathTracing\soft\shaders\fragmentShader.glsl">
      <Filter>资源文件\core\RayTracing\PathTracing\soft\shaders</Filter>
    </None>
    <None Include="core\RayTracing\PathTracing\soft\shaders\vertexShader.glsl">
      <Filter>资源文件\core\RayTracing\PathTracing\soft\shaders</Filter>
    </None>
  </ItemGroup>
  <ItemGroup>
    <Xml Include="core\SceneDivision\SVO\shaders\unuseSwizzle\shaderInfo.xml">
      <Filter>资源文件\core\SceneDivision\SVO\shaders\unuseSwizzle</Filter>
    </Xml>
    <Xml Include="core\SceneDivision\SVO\shaders\present\shaderInfo.xml">
      <Filter>资源文件\core\SceneDivision\SVO\shaders\present</Filter>
    </Xml>
    <Xml Include="core\SceneDivision\SVO\shaders\useSwizzle\shaderInfo.xml">
      <Filter>资源文件\core\SceneDivision\SVO\shaders\useSwizzle</Filter>
    </Xml>
    <Xml Include="core\SceneDivision\SVO\shaders\present_VGM\shaderInfo.xml">
      <Filter>资源文件\core\SceneDivision\SVO\shaders\present_VGM</Filter>
    </Xml>
    <Xml Include="core\SceneDivision\SVO\shaders\present_SVO\shaderInfo.xml">
      <Filter>资源文件\core\SceneDivision\SVO\shaders\present_SVO</Filter>
    </Xml>
    <Xml Include="core\SceneDivision\BVH\shaders\present\shaderInfo.xml">
      <Filter>资源文件\core\SceneDivision\BVH\shaders\present</Filter>
    </Xml>
    <Xml Include="renderer\rendererInfo.xml">
      <Filter>资源文件\renderer</Filter>
    </Xml>
    <Xml Include="scenes\veach-ajar\scene_onlyDiff.xml">
      <Filter>资源文件\scenes\veach-ajar</Filter>
    </Xml>
    <Xml Include="scenes\bearBox\scene_onlyDiff.xml">
      <Filter>资源文件\scenes\bearBox</Filter>
    </Xml>
    <Xml Include="core\Materials\Diffuse\materialInfo.xml">
      <Filter>资源文件\core\Materials\Diffuse</Filter>
    </Xml>
    <Xml Include="core\Materials\Diffuse\shaders\forwardRender\shaderInfo.xml">
      <Filter>资源文件\core\Materials\Diffuse\shaders\forwardRender</Filter>
    </Xml>
    <Xml Include="core\RayTracing\PathTracing\soft\shaders\shaderInfo.xml">
      <Filter>资源文件\core\RayTracing\PathTracing\soft\shaders</Filter>
    </Xml>
  </ItemGroup>
</Project>