<?xml version="1.0" encoding="utf-8"?>
<Project ToolsVersion="4.0" xmlns="http://schemas.microsoft.com/developer/msbuild/2003">
  <ItemGroup>
    <Filter Include="源文件">
      <UniqueIdentifier>{4FC737F1-C7A5-4376-A066-2A32D752A2FF}</UniqueIdentifier>
      <Extensions>cpp;c;cc;cxx;c++;cppm;ixx;def;odl;idl;hpj;bat;asm;asmx</Extensions>
    </Filter>
    <Filter Include="头文件">
      <UniqueIdentifier>{93995380-89BD-4b04-88EB-625FBE52EBFB}</UniqueIdentifier>
      <Extensions>h;hh;hpp;hxx;h++;hm;inl;inc;ipp;xsd</Extensions>
    </Filter>
    <Filter Include="资源文件">
      <UniqueIdentifier>{67DA6AB6-F800-4c08-8B7A-83BB121AAD01}</UniqueIdentifier>
      <Extensions>rc;ico;cur;bmp;dlg;rc2;rct;bin;rgs;gif;jpg;jpeg;jpe;resx;tiff;tif;png;wav;mfcribbon-ms</Extensions>
    </Filter>
    <Filter Include="资源文件\core">
      <UniqueIdentifier>{9afb9b32-5f7b-47a0-9087-0d7d5c37c82e}</UniqueIdentifier>
    </Filter>
    <Filter Include="资源文件\core\CUDA">
      <UniqueIdentifier>{9a6689f7-6cd1-436c-b939-8643de3b0d18}</UniqueIdentifier>
    </Filter>
    <Filter Include="资源文件\core\RayTracing">
      <UniqueIdentifier>{77d33d71-a697-49dd-905d-d35d62c6d758}</UniqueIdentifier>
    </Filter>
    <Filter Include="资源文件\core\RayTracing\PathTracing">
      <UniqueIdentifier>{6eaa7482-8467-41b7-af85-e2684e13e45d}</UniqueIdentifier>
    </Filter>
    <Filter Include="资源文件\core\SceneDivision">
      <UniqueIdentifier>{237a401b-6c9a-4dbe-8d0e-384c2e535b05}</UniqueIdentifier>
    </Filter>
    <Filter Include="资源文件\core\SceneDivision\SVO">
      <UniqueIdentifier>{0fd8f4a1-2cb5-48d9-8789-58781c127022}</UniqueIdentifier>
    </Filter>
    <Filter Include="资源文件\core\SceneDivision\SVO\CUDA">
      <UniqueIdentifier>{33f49e9b-6362-4349-98a0-2961cddf2eb8}</UniqueIdentifier>
    </Filter>
    <Filter Include="资源文件\core\SceneDivision\SVO\shaders">
      <UniqueIdentifier>{cad83eea-f52a-4596-9303-88763a5e9e79}</UniqueIdentifier>
    </Filter>
    <Filter Include="资源文件\core\SceneDivision\SVO\shaders\present">
      <UniqueIdentifier>{af32a1f7-617c-4576-892f-b86652e47380}</UniqueIdentifier>
    </Filter>
    <Filter Include="资源文件\core\SceneDivision\SVO\shaders\present_SVO">
      <UniqueIdentifier>{1b35f283-ce07-4de4-92dd-6303cd90e811}</UniqueIdentifier>
    </Filter>
    <Filter Include="资源文件\core\SceneDivision\SVO\shaders\present_VGM">
      <UniqueIdentifier>{4da44f90-fe1a-4cf9-8a1c-ce6a5040577d}</UniqueIdentifier>
    </Filter>
    <Filter Include="资源文件\core\SceneDivision\SVO\shaders\unuseSwizzle">
      <UniqueIdentifier>{80ae804b-0df0-4d09-b3f7-f912ad830dfc}</UniqueIdentifier>
    </Filter>
    <Filter Include="资源文件\core\SceneDivision\SVO\shaders\useSwizzle">
      <UniqueIdentifier>{31d08a0e-ae39-4abd-8341-ea387f4b3560}</UniqueIdentifier>
    </Filter>
    <Filter Include="资源文件\core\SceneDivision\BVH">
      <UniqueIdentifier>{c9ec0da5-a06a-49c0-a4e4-e29f067ceb8d}</UniqueIdentifier>
    </Filter>
    <Filter Include="资源文件\core\SceneDivision\BVH\shaders">
      <UniqueIdentifier>{18a6396d-a9a8-48e0-acee-6ec94fac8fa9}</UniqueIdentifier>
    </Filter>
    <Filter Include="资源文件\core\RayTracing\PathTracing\AccelerationStructure">
      <UniqueIdentifier>{c7b8ff14-c673-44fd-8870-9f088d48d32d}</UniqueIdentifier>
    </Filter>
    <Filter Include="资源文件\core\common">
      <UniqueIdentifier>{89563cab-b963-4ff8-90bf-7550d25f7354}</UniqueIdentifier>
    </Filter>
    <Filter Include="资源文件\core\RayTracing\PathTracing\shaders">
      <UniqueIdentifier>{f58eb839-8c92-4ba7-927a-80d7094f5339}</UniqueIdentifier>
    </Filter>
    <Filter Include="资源文件\shaders">
      <UniqueIdentifier>{4188a3f0-e7ec-43cc-a464-511e5a364501}</UniqueIdentifier>
    </Filter>
    <Filter Include="资源文件\core\O-CNN">
      <UniqueIdentifier>{4ef86fb0-0e31-4637-ba64-01f43d6c2544}</UniqueIdentifier>
    </Filter>
    <Filter Include="资源文件\shaders\LitShader">
      <UniqueIdentifier>{f43e819b-b17d-4cf4-a6d7-a4ffa895847f}</UniqueIdentifier>
    </Filter>
    <Filter Include="资源文件\shaders\forward">
      <UniqueIdentifier>{b090b185-393d-4106-9103-88d91199dfd8}</UniqueIdentifier>
    </Filter>
    <Filter Include="资源文件\shaders\forward\diffuse">
      <UniqueIdentifier>{cc3b8828-2eeb-42b6-9a50-6a9c40346b9e}</UniqueIdentifier>
    </Filter>
    <Filter Include="资源文件\shaders\common">
      <UniqueIdentifier>{99bccb51-6cfa-4eb5-bc9c-d9f9325e93e6}</UniqueIdentifier>
    </Filter>
  </ItemGroup>
  <ItemGroup>
    <ClInclude Include="core\CUDA\vulkanCudaInterop.cuh">
      <Filter>资源文件\core\CUDA</Filter>
    </ClInclude>
    <ClInclude Include="core\RayTracing\PathTracing\pathTracing.h">
      <Filter>资源文件\core\RayTracing\PathTracing</Filter>
    </ClInclude>
    <ClInclude Include="core\SceneDivision\SVO\SVO.h">
      <Filter>资源文件\core\SceneDivision\SVO</Filter>
    </ClInclude>
    <ClInclude Include="core\SceneDivision\SVO\CUDA\createSVO.cuh">
      <Filter>资源文件\core\SceneDivision\SVO\CUDA</Filter>
    </ClInclude>
    <ClInclude Include="core\SceneDivision\BVH\BVH.h">
      <Filter>资源文件\core\SceneDivision\BVH</Filter>
    </ClInclude>
    <ClInclude Include="core\RayTracing\PathTracing\AccelerationStructure\accelerationStructure.h">
      <Filter>资源文件\core\RayTracing\PathTracing\AccelerationStructure</Filter>
    </ClInclude>
    <ClInclude Include="core\common\FzbBuffer.h">
      <Filter>资源文件\core\common</Filter>
    </ClInclude>
    <ClInclude Include="core\common\FzbCamera.h">
      <Filter>资源文件\core\common</Filter>
    </ClInclude>
    <ClInclude Include="core\common\FzbComponent.h">
      <Filter>资源文件\core\common</Filter>
    </ClInclude>
    <ClInclude Include="core\common\StructSet.h">
      <Filter>资源文件\core\common</Filter>
    </ClInclude>
    <ClInclude Include="core\common\FzbScene.h">
      <Filter>资源文件\core\common</Filter>
    </ClInclude>
    <ClInclude Include="core\common\FzbMesh.h">
      <Filter>资源文件\core\common</Filter>
    </ClInclude>
    <ClInclude Include="core\common\FzbPipeline.h">
      <Filter>资源文件\core\common</Filter>
    </ClInclude>
    <ClInclude Include="core\common\FzbRenderPass.h">
      <Filter>资源文件\core\common</Filter>
    </ClInclude>
    <ClInclude Include="core\common\FzbImage.h">
      <Filter>资源文件\core\common</Filter>
    </ClInclude>
    <ClInclude Include="core\common\FzbDescriptor.h">
      <Filter>资源文件\core\common</Filter>
    </ClInclude>
    <ClInclude Include="core\common\FzbShader.h">
      <Filter>资源文件\core\common</Filter>
    </ClInclude>
    <ClInclude Include="core\O-CNN\FzbOCNN.h">
      <Filter>资源文件\core\O-CNN</Filter>
    </ClInclude>
    <ClInclude Include="core\common\FzbMaterial.h">
      <Filter>资源文件\core\common</Filter>
    </ClInclude>
  </ItemGroup>
  <ItemGroup>
    <CudaCompile Include="core\CUDA\vulkanCudaInterop.cu">
      <Filter>资源文件\core\CUDA</Filter>
    </CudaCompile>
    <CudaCompile Include="core\SceneDivision\SVO\CUDA\createSVO.cu">
      <Filter>资源文件\core\SceneDivision\SVO\CUDA</Filter>
    </CudaCompile>
  </ItemGroup>
  <ItemGroup>
    <ClCompile Include="FzbRenderer.cpp">
      <Filter>资源文件</Filter>
    </ClCompile>
    <ClCompile Include="core\common\FzbImage.cpp">
      <Filter>资源文件\core\common</Filter>
    </ClCompile>
    <ClCompile Include="core\common\FzbBuffer.cpp">
      <Filter>资源文件\core\common</Filter>
    </ClCompile>
    <ClCompile Include="core\common\FzbPipeline.cpp">
      <Filter>资源文件\core\common</Filter>
    </ClCompile>
  </ItemGroup>
  <ItemGroup>
    <None Include="core\SceneDivision\SVO\shaders\present\presentFrag.glsl">
      <Filter>资源文件\core\SceneDivision\SVO\shaders\present</Filter>
    </None>
    <None Include="core\SceneDivision\SVO\shaders\present\presentVert.glsl">
      <Filter>资源文件\core\SceneDivision\SVO\shaders\present</Filter>
    </None>
    <None Include="core\SceneDivision\SVO\shaders\present_SVO\wireFrameFrag.glsl">
      <Filter>资源文件\core\SceneDivision\SVO\shaders\present_SVO</Filter>
    </None>
    <None Include="core\SceneDivision\SVO\shaders\present_SVO\wireFrameGemo.glsl">
      <Filter>资源文件\core\SceneDivision\SVO\shaders\present_SVO</Filter>
    </None>
    <None Include="core\SceneDivision\SVO\shaders\present_SVO\wireFrameVert.glsl">
      <Filter>资源文件\core\SceneDivision\SVO\shaders\present_SVO</Filter>
    </None>
    <None Include="core\SceneDivision\SVO\shaders\present_VGM\presentFrag_Block.glsl">
      <Filter>资源文件\core\SceneDivision\SVO\shaders\present_VGM</Filter>
    </None>
    <None Include="core\SceneDivision\SVO\shaders\present_VGM\presentVert_Block.glsl">
      <Filter>资源文件\core\SceneDivision\SVO\shaders\present_VGM</Filter>
    </None>
    <None Include="core\SceneDivision\SVO\shaders\unuseSwizzle\voxelFrag.glsl">
      <Filter>资源文件\core\SceneDivision\SVO\shaders\unuseSwizzle</Filter>
    </None>
    <None Include="core\SceneDivision\SVO\shaders\unuseSwizzle\voxelGemo.glsl">
      <Filter>资源文件\core\SceneDivision\SVO\shaders\unuseSwizzle</Filter>
    </None>
    <None Include="core\SceneDivision\SVO\shaders\unuseSwizzle\voxelVert.glsl">
      <Filter>资源文件\core\SceneDivision\SVO\shaders\unuseSwizzle</Filter>
    </None>
    <None Include="core\SceneDivision\SVO\shaders\useSwizzle\voxelFrag.glsl">
      <Filter>资源文件\core\SceneDivision\SVO\shaders\useSwizzle</Filter>
    </None>
    <None Include="core\SceneDivision\SVO\shaders\useSwizzle\voxelVert.glsl">
      <Filter>资源文件\core\SceneDivision\SVO\shaders\useSwizzle</Filter>
    </None>
    <None Include="shaders\LitShader\LitFragShader.glsl">
      <Filter>资源文件\shaders\LitShader</Filter>
    </None>
    <None Include="shaders\LitShader\LitVertShader.glsl">
      <Filter>资源文件\shaders\LitShader</Filter>
    </None>
    <None Include="shaders\forward\diffuse\vertex.glsl">
      <Filter>资源文件\shaders\forward\diffuse</Filter>
    </None>
    <None Include="shaders\forward\diffuse\fragment.glsl">
      <Filter>资源文件\shaders\forward\diffuse</Filter>
    </None>
    <None Include="shaders\common\getAttribute.glsl">
      <Filter>资源文件\shaders\common</Filter>
    </None>
  </ItemGroup>
  <ItemGroup>
    <Text Include="shaders\LitShader\shaderInfo.xml">
      <Filter>资源文件\shaders\LitShader</Filter>
    </Text>
  </ItemGroup>
  <ItemGroup>
    <Xml Include="shaders\forward\diffuse\shaderInfo.xml">
      <Filter>资源文件\shaders\forward\diffuse</Filter>
    </Xml>
  </ItemGroup>
</Project>